{
  "version": 4,
  "terraform_version": "1.13.0",
  "serial": 29,
  "lineage": "ed2cfdcb-32ca-562e-ec23-8080d6f9d0bb",
  "outputs": {
    "bastion_public_ip": {
      "value": "100.27.212.214",
      "type": "string"
    },
    "rds_endpoint": {
      "value": "webapp-instance.cwf4iae6idmi.us-east-1.rds.amazonaws.com:3306",
      "type": "string"
    },
    "web_server_1_public_ip": {
      "value": "34.227.207.216",
      "type": "string"
    },
    "web_server_2_public_ip": {
      "value": "3.91.22.71",
      "type": "string"
    }
  },
  "resources": [
    {
      "mode": "managed",
      "type": "aws_db_instance",
      "name": "rds",
      "provider": "provider[\"registry.terraform.io/hashicorp/aws\"]",
      "instances": [
        {
          "schema_version": 2,
          "attributes": {
            "address": "webapp-instance.cwf4iae6idmi.us-east-1.rds.amazonaws.com",
            "allocated_storage": 20,
            "allow_major_version_upgrade": null,
            "apply_immediately": false,
            "arn": "arn:aws:rds:us-east-1:455986776549:db:webapp-instance",
            "auto_minor_version_upgrade": true,
            "availability_zone": "us-east-1b",
            "backup_retention_period": 0,
            "backup_target": "region",
            "backup_window": "06:32-07:02",
            "blue_green_update": [],
            "ca_cert_identifier": "rds-ca-rsa2048-g1",
            "character_set_name": "",
            "copy_tags_to_snapshot": false,
            "custom_iam_instance_profile": "",
            "customer_owned_ip_enabled": false,
            "database_insights_mode": "standard",
            "db_name": "WebAppDB",
            "db_subnet_group_name": "webapp-subnet-group",
            "dedicated_log_volume": false,
            "delete_automated_backups": true,
            "deletion_protection": false,
            "domain": "",
            "domain_auth_secret_arn": "",
            "domain_dns_ips": null,
            "domain_fqdn": "",
            "domain_iam_role_name": "",
            "domain_ou": "",
            "enabled_cloudwatch_logs_exports": null,
            "endpoint": "webapp-instance.cwf4iae6idmi.us-east-1.rds.amazonaws.com:3306",
            "engine": "mysql",
            "engine_lifecycle_support": "open-source-rds-extended-support",
            "engine_version": "8.0",
            "engine_version_actual": "8.0.42",
            "final_snapshot_identifier": null,
            "hosted_zone_id": "Z2R2ITUGPM61AM",
            "iam_database_authentication_enabled": false,
            "id": "db-JMZ222PTMUBSXDKODMRAYANM7M",
            "identifier": "webapp-instance",
            "identifier_prefix": "",
            "instance_class": "db.t3.micro",
            "iops": 0,
            "kms_key_id": "",
            "latest_restorable_time": "",
            "license_model": "general-public-license",
            "listener_endpoint": [],
            "maintenance_window": "tue:04:16-tue:04:46",
            "manage_master_user_password": null,
            "master_user_secret": [],
            "master_user_secret_kms_key_id": null,
            "max_allocated_storage": 0,
            "monitoring_interval": 0,
            "monitoring_role_arn": "",
            "multi_az": false,
            "nchar_character_set_name": "",
            "network_type": "IPV4",
            "option_group_name": "default:mysql-8-0",
            "parameter_group_name": "default.mysql8.0",
            "password": "Maluna51403739",
            "password_wo": null,
            "password_wo_version": null,
            "performance_insights_enabled": false,
            "performance_insights_kms_key_id": "",
            "performance_insights_retention_period": 0,
            "port": 3306,
            "publicly_accessible": false,
            "region": "us-east-1",
            "replica_mode": "",
            "replicas": [],
            "replicate_source_db": "",
            "resource_id": "db-JMZ222PTMUBSXDKODMRAYANM7M",
            "restore_to_point_in_time": [],
            "s3_import": [],
            "skip_final_snapshot": true,
            "snapshot_identifier": null,
            "status": "available",
            "storage_encrypted": false,
            "storage_throughput": 0,
            "storage_type": "gp2",
            "tags": {
              "Name": "WebApp-Instance"
            },
            "tags_all": {
              "Name": "WebApp-Instance"
            },
            "timeouts": null,
            "timezone": "",
            "upgrade_storage_config": null,
            "username": "admin",
            "vpc_security_group_ids": [
              "sg-0b739c318b76021b7"
            ]
          },
          "sensitive_attributes": [
            [
              {
                "type": "get_attr",
                "value": "password"
              }
            ],
            [
              {
                "type": "get_attr",
                "value": "password_wo"
              }
            ]
          ],
          "identity_schema_version": 0,
          "private": "eyJlMmJmYjczMC1lY2FhLTExZTYtOGY4OC0zNDM2M2JjN2M0YzAiOnsiY3JlYXRlIjozMDAwMDAwMDAwMDAwLCJkZWxldGUiOjM2MDAwMDAwMDAwMDAsInVwZGF0ZSI6NDgwMDAwMDAwMDAwMH0sInNjaGVtYV92ZXJzaW9uIjoiMiJ9",
          "dependencies": [
            "aws_db_subnet_group.rds_subnet_group",
            "aws_security_group.alb_sg",
            "aws_security_group.database_sg",
            "aws_security_group.webserver_sg",
            "aws_subnet.private_a",
            "aws_subnet.private_b",
            "aws_vpc.main"
          ]
        }
      ]
    },
    {
      "mode": "managed",
      "type": "aws_db_subnet_group",
      "name": "rds_subnet_group",
      "provider": "provider[\"registry.terraform.io/hashicorp/aws\"]",
      "instances": [
        {
          "schema_version": 0,
          "attributes": {
            "arn": "arn:aws:rds:us-east-1:455986776549:subgrp:webapp-subnet-group",
            "description": "Managed by Terraform",
            "id": "webapp-subnet-group",
            "name": "webapp-subnet-group",
            "name_prefix": "",
            "region": "us-east-1",
            "subnet_ids": [
              "subnet-04c53d26350cca9d9",
              "subnet-065462f7e49439715"
            ],
            "supported_network_types": [
              "IPV4"
            ],
            "tags": {
              "Name": "WebApp-Subnet-Group"
            },
            "tags_all": {
              "Name": "WebApp-Subnet-Group"
            },
            "vpc_id": "vpc-0fa382cdb9500be7d"
          },
          "sensitive_attributes": [],
          "identity_schema_version": 0,
          "private": "bnVsbA==",
          "dependencies": [
            "aws_subnet.private_a",
            "aws_subnet.private_b",
            "aws_vpc.main"
          ]
        }
      ]
    },
    {
      "mode": "managed",
      "type": "aws_instance",
      "name": "bastion_host",
      "provider": "provider[\"registry.terraform.io/hashicorp/aws\"]",
      "instances": [
        {
          "schema_version": 2,
          "attributes": {
            "ami": "ami-0360c520857e3138f",
            "arn": "arn:aws:ec2:us-east-1:455986776549:instance/i-0a85a643240e3d5b3",
            "associate_public_ip_address": true,
            "availability_zone": "us-east-1a",
            "capacity_reservation_specification": [
              {
                "capacity_reservation_preference": "open",
                "capacity_reservation_target": []
              }
            ],
            "cpu_options": [
              {
                "amd_sev_snp": "",
                "core_count": 1,
                "threads_per_core": 2
              }
            ],
            "credit_specification": [
              {
                "cpu_credits": "unlimited"
              }
            ],
            "disable_api_stop": false,
            "disable_api_termination": false,
            "ebs_block_device": [],
            "ebs_optimized": false,
            "enable_primary_ipv6": null,
            "enclave_options": [
              {
                "enabled": false
              }
            ],
            "ephemeral_block_device": [],
            "force_destroy": false,
            "get_password_data": false,
            "hibernation": false,
            "host_id": "",
            "host_resource_group_arn": null,
            "iam_instance_profile": "",
            "id": "i-0a85a643240e3d5b3",
            "instance_initiated_shutdown_behavior": "stop",
            "instance_lifecycle": "",
            "instance_market_options": [],
            "instance_state": "running",
            "instance_type": "t3.micro",
            "ipv6_address_count": 0,
            "ipv6_addresses": [],
            "key_name": "my-generated-key",
            "launch_template": [],
            "maintenance_options": [
              {
                "auto_recovery": "default"
              }
            ],
            "metadata_options": [
              {
                "http_endpoint": "enabled",
                "http_protocol_ipv6": "disabled",
                "http_put_response_hop_limit": 2,
                "http_tokens": "required",
                "instance_metadata_tags": "disabled"
              }
            ],
            "monitoring": false,
            "network_interface": [],
            "outpost_arn": "",
            "password_data": "",
            "placement_group": "",
            "placement_partition_number": 0,
            "primary_network_interface": [
              {
                "delete_on_termination": true,
                "network_interface_id": "eni-0a161251b8cc2da42"
              }
            ],
            "primary_network_interface_id": "eni-0a161251b8cc2da42",
            "private_dns": "ip-10-0-1-109.ec2.internal",
            "private_dns_name_options": [
              {
                "enable_resource_name_dns_a_record": false,
                "enable_resource_name_dns_aaaa_record": false,
                "hostname_type": "ip-name"
              }
            ],
            "private_ip": "10.0.1.109",
            "public_dns": "ec2-100-27-212-214.compute-1.amazonaws.com",
            "public_ip": "100.27.212.214",
            "region": "us-east-1",
            "root_block_device": [
              {
                "delete_on_termination": true,
                "device_name": "/dev/sda1",
                "encrypted": false,
                "iops": 3000,
                "kms_key_id": "",
                "tags": {},
                "tags_all": {},
                "throughput": 125,
                "volume_id": "vol-0480b4b7728983933",
                "volume_size": 8,
                "volume_type": "gp3"
              }
            ],
            "secondary_private_ips": [],
            "security_groups": [],
            "source_dest_check": true,
            "spot_instance_request_id": "",
            "subnet_id": "subnet-0d95d517e3509ff60",
            "tags": {
              "Name": "bastion-host"
            },
            "tags_all": {
              "Name": "bastion-host"
            },
            "tenancy": "default",
            "timeouts": null,
            "user_data": null,
            "user_data_base64": null,
            "user_data_replace_on_change": false,
            "volume_tags": null,
            "vpc_security_group_ids": [
              "sg-0c089d2b42d50a3f1"
            ]
          },
          "sensitive_attributes": [],
          "identity_schema_version": 0,
          "private": "eyJlMmJmYjczMC1lY2FhLTExZTYtOGY4OC0zNDM2M2JjN2M0YzAiOnsiY3JlYXRlIjo2MDAwMDAwMDAwMDAsImRlbGV0ZSI6MTIwMDAwMDAwMDAwMCwicmVhZCI6OTAwMDAwMDAwMDAwLCJ1cGRhdGUiOjYwMDAwMDAwMDAwMH0sInNjaGVtYV92ZXJzaW9uIjoiMiJ9",
          "dependencies": [
            "aws_key_pair.generated_key",
            "aws_security_group.alb_sg",
            "aws_security_group.webserver_sg",
            "aws_subnet.public_a",
            "aws_vpc.main",
            "tls_private_key.ssh_key"
          ]
        }
      ]
    },
    {
      "mode": "managed",
      "type": "aws_instance",
      "name": "web_server_1",
      "provider": "provider[\"registry.terraform.io/hashicorp/aws\"]",
      "instances": [
        {
          "schema_version": 2,
          "attributes": {
            "ami": "ami-0360c520857e3138f",
            "arn": "arn:aws:ec2:us-east-1:455986776549:instance/i-00121764ee27c09cd",
            "associate_public_ip_address": true,
            "availability_zone": "us-east-1a",
            "capacity_reservation_specification": [
              {
                "capacity_reservation_preference": "open",
                "capacity_reservation_target": []
              }
            ],
            "cpu_options": [
              {
                "amd_sev_snp": "",
                "core_count": 1,
                "threads_per_core": 1
              }
            ],
            "credit_specification": [
              {
                "cpu_credits": "standard"
              }
            ],
            "disable_api_stop": false,
            "disable_api_termination": false,
            "ebs_block_device": [],
            "ebs_optimized": false,
            "enable_primary_ipv6": null,
            "enclave_options": [
              {
                "enabled": false
              }
            ],
            "ephemeral_block_device": [],
            "force_destroy": false,
            "get_password_data": false,
            "hibernation": false,
            "host_id": "",
            "host_resource_group_arn": null,
            "iam_instance_profile": "",
            "id": "i-00121764ee27c09cd",
            "instance_initiated_shutdown_behavior": "stop",
            "instance_lifecycle": "",
            "instance_market_options": [],
            "instance_state": "running",
            "instance_type": "t2.micro",
            "ipv6_address_count": 0,
            "ipv6_addresses": [],
            "key_name": "my-generated-key",
            "launch_template": [],
            "maintenance_options": [
              {
                "auto_recovery": "default"
              }
            ],
            "metadata_options": [
              {
                "http_endpoint": "enabled",
                "http_protocol_ipv6": "disabled",
                "http_put_response_hop_limit": 2,
                "http_tokens": "required",
                "instance_metadata_tags": "disabled"
              }
            ],
            "monitoring": false,
            "network_interface": [],
            "outpost_arn": "",
            "password_data": "",
            "placement_group": "",
            "placement_partition_number": 0,
            "primary_network_interface": [
              {
                "delete_on_termination": true,
                "network_interface_id": "eni-01a696f8cfcf6bace"
              }
            ],
            "primary_network_interface_id": "eni-01a696f8cfcf6bace",
            "private_dns": "ip-10-0-1-236.ec2.internal",
            "private_dns_name_options": [
              {
                "enable_resource_name_dns_a_record": false,
                "enable_resource_name_dns_aaaa_record": false,
                "hostname_type": "ip-name"
              }
            ],
            "private_ip": "10.0.1.236",
            "public_dns": "ec2-34-227-207-216.compute-1.amazonaws.com",
            "public_ip": "34.227.207.216",
            "region": "us-east-1",
            "root_block_device": [
              {
                "delete_on_termination": true,
                "device_name": "/dev/sda1",
                "encrypted": false,
                "iops": 3000,
                "kms_key_id": "",
                "tags": {},
                "tags_all": {},
                "throughput": 125,
                "volume_id": "vol-0aa49e11defe63ccb",
                "volume_size": 8,
                "volume_type": "gp3"
              }
            ],
            "secondary_private_ips": [],
            "security_groups": [],
            "source_dest_check": true,
            "spot_instance_request_id": "",
            "subnet_id": "subnet-0d95d517e3509ff60",
            "tags": {
              "Name": "web-server-1"
            },
            "tags_all": {
              "Name": "web-server-1"
            },
            "tenancy": "default",
            "timeouts": null,
            "user_data": null,
            "user_data_base64": null,
            "user_data_replace_on_change": false,
            "volume_tags": null,
            "vpc_security_group_ids": [
              "sg-0c089d2b42d50a3f1"
            ]
          },
          "sensitive_attributes": [],
          "identity_schema_version": 0,
          "private": "eyJlMmJmYjczMC1lY2FhLTExZTYtOGY4OC0zNDM2M2JjN2M0YzAiOnsiY3JlYXRlIjo2MDAwMDAwMDAwMDAsImRlbGV0ZSI6MTIwMDAwMDAwMDAwMCwicmVhZCI6OTAwMDAwMDAwMDAwLCJ1cGRhdGUiOjYwMDAwMDAwMDAwMH0sInNjaGVtYV92ZXJzaW9uIjoiMiJ9",
          "dependencies": [
            "aws_key_pair.generated_key",
            "aws_security_group.alb_sg",
            "aws_security_group.webserver_sg",
            "aws_subnet.public_a",
            "aws_vpc.main",
            "tls_private_key.ssh_key"
          ]
        }
      ]
    },
    {
      "mode": "managed",
      "type": "aws_instance",
      "name": "web_server_2",
      "provider": "provider[\"registry.terraform.io/hashicorp/aws\"]",
      "instances": [
        {
          "schema_version": 2,
          "attributes": {
            "ami": "ami-0360c520857e3138f",
            "arn": "arn:aws:ec2:us-east-1:455986776549:instance/i-0f368d634c12bbcbf",
            "associate_public_ip_address": true,
            "availability_zone": "us-east-1b",
            "capacity_reservation_specification": [
              {
                "capacity_reservation_preference": "open",
                "capacity_reservation_target": []
              }
            ],
            "cpu_options": [
              {
                "amd_sev_snp": "",
                "core_count": 1,
                "threads_per_core": 1
              }
            ],
            "credit_specification": [
              {
                "cpu_credits": "standard"
              }
            ],
            "disable_api_stop": false,
            "disable_api_termination": false,
            "ebs_block_device": [],
            "ebs_optimized": false,
            "enable_primary_ipv6": null,
            "enclave_options": [
              {
                "enabled": false
              }
            ],
            "ephemeral_block_device": [],
            "force_destroy": false,
            "get_password_data": false,
            "hibernation": false,
            "host_id": "",
            "host_resource_group_arn": null,
            "iam_instance_profile": "",
            "id": "i-0f368d634c12bbcbf",
            "instance_initiated_shutdown_behavior": "stop",
            "instance_lifecycle": "",
            "instance_market_options": [],
            "instance_state": "running",
            "instance_type": "t2.micro",
            "ipv6_address_count": 0,
            "ipv6_addresses": [],
            "key_name": "my-generated-key",
            "launch_template": [],
            "maintenance_options": [
              {
                "auto_recovery": "default"
              }
            ],
            "metadata_options": [
              {
                "http_endpoint": "enabled",
                "http_protocol_ipv6": "disabled",
                "http_put_response_hop_limit": 2,
                "http_tokens": "required",
                "instance_metadata_tags": "disabled"
              }
            ],
            "monitoring": false,
            "network_interface": [],
            "outpost_arn": "",
            "password_data": "",
            "placement_group": "",
            "placement_partition_number": 0,
            "primary_network_interface": [
              {
                "delete_on_termination": true,
                "network_interface_id": "eni-00374d5017aa0b0f5"
              }
            ],
            "primary_network_interface_id": "eni-00374d5017aa0b0f5",
            "private_dns": "ip-10-0-3-243.ec2.internal",
            "private_dns_name_options": [
              {
                "enable_resource_name_dns_a_record": false,
                "enable_resource_name_dns_aaaa_record": false,
                "hostname_type": "ip-name"
              }
            ],
            "private_ip": "10.0.3.243",
            "public_dns": "ec2-3-91-22-71.compute-1.amazonaws.com",
            "public_ip": "3.91.22.71",
            "region": "us-east-1",
            "root_block_device": [
              {
                "delete_on_termination": true,
                "device_name": "/dev/sda1",
                "encrypted": false,
                "iops": 3000,
                "kms_key_id": "",
                "tags": {},
                "tags_all": {},
                "throughput": 125,
                "volume_id": "vol-07bdc3a9ae2698b93",
                "volume_size": 8,
                "volume_type": "gp3"
              }
            ],
            "secondary_private_ips": [],
            "security_groups": [],
            "source_dest_check": true,
            "spot_instance_request_id": "",
            "subnet_id": "subnet-0526f04e99ada8ec6",
            "tags": {
              "Name": "web-server-2"
            },
            "tags_all": {
              "Name": "web-server-2"
            },
            "tenancy": "default",
            "timeouts": null,
            "user_data": null,
            "user_data_base64": null,
            "user_data_replace_on_change": false,
            "volume_tags": null,
            "vpc_security_group_ids": [
              "sg-0c089d2b42d50a3f1"
            ]
          },
          "sensitive_attributes": [],
          "identity_schema_version": 0,
          "private": "eyJlMmJmYjczMC1lY2FhLTExZTYtOGY4OC0zNDM2M2JjN2M0YzAiOnsiY3JlYXRlIjo2MDAwMDAwMDAwMDAsImRlbGV0ZSI6MTIwMDAwMDAwMDAwMCwicmVhZCI6OTAwMDAwMDAwMDAwLCJ1cGRhdGUiOjYwMDAwMDAwMDAwMH0sInNjaGVtYV92ZXJzaW9uIjoiMiJ9",
          "dependencies": [
            "aws_key_pair.generated_key",
            "aws_security_group.alb_sg",
            "aws_security_group.webserver_sg",
            "aws_subnet.public_b",
            "aws_vpc.main",
            "tls_private_key.ssh_key"
          ]
        }
      ]
    },
    {
      "mode": "managed",
      "type": "aws_internet_gateway",
      "name": "igw",
      "provider": "provider[\"registry.terraform.io/hashicorp/aws\"]",
      "instances": [
        {
          "schema_version": 0,
          "attributes": {
            "arn": "arn:aws:ec2:us-east-1:455986776549:internet-gateway/igw-05f19b21e310fb113",
            "id": "igw-05f19b21e310fb113",
            "owner_id": "455986776549",
            "region": "us-east-1",
            "tags": {
              "Name": "WebApp-IGW"
            },
            "tags_all": {
              "Name": "WebApp-IGW"
            },
            "timeouts": null,
            "vpc_id": "vpc-0fa382cdb9500be7d"
          },
          "sensitive_attributes": [],
          "identity_schema_version": 0,
          "private": "eyJlMmJmYjczMC1lY2FhLTExZTYtOGY4OC0zNDM2M2JjN2M0YzAiOnsiY3JlYXRlIjoxMjAwMDAwMDAwMDAwLCJkZWxldGUiOjEyMDAwMDAwMDAwMDAsInVwZGF0ZSI6MTIwMDAwMDAwMDAwMH19",
          "dependencies": [
            "aws_vpc.main"
          ]
        }
      ]
    },
    {
      "mode": "managed",
      "type": "aws_key_pair",
      "name": "generated_key",
      "provider": "provider[\"registry.terraform.io/hashicorp/aws\"]",
      "instances": [
        {
          "schema_version": 1,
          "attributes": {
            "arn": "arn:aws:ec2:us-east-1:455986776549:key-pair/my-generated-key",
            "fingerprint": "bc:36:24:94:47:a5:4e:1e:01:77:92:f4:d5:fd:4c:a0",
            "id": "my-generated-key",
            "key_name": "my-generated-key",
            "key_name_prefix": "",
            "key_pair_id": "key-0a6027cbd785980da",
            "key_type": "rsa",
            "public_key": "ssh-rsa AAAAB3NzaC1yc2EAAAADAQABAAACAQDU4WGC50auSExrIq0HYfwB3qIzxTDlEk3EQ60iGZOzkwHBpvJDzufFn9tZxj8++p3vSHXcd9Kbhg0soZKihjYYLg+w7fsRz3SSOtrnGR1o1v4LhGTrObe8ulcb6BJu7BKl8bxr/0QjwZpVa8gZR2iUAKbVR+B1clcizCDd6NLc9SsSDrcKWreiVINF1s2/HkEPNbJB/SpEm0v72ypFXHG3zxiPB1qkURX91hAM8KdvIIzoj5/5nru+z0bpyZDxAMYWWpWrrdc+ibl/LSzfSU8W7ipDRGHsCNXRenLqyOSYHFo4cTZcTRi6uYlaINvZ9nlf/R68B4osaQ/fpOBtMq2zLJcUmcB8tMR7lF4oYb3MNiME6DNJDw3vxRvSKcch0AuHys6OBBzAvZmbU+w5b8CXdxXp0xaBcitza5/WtyEhgoJQ4J8Tquws/gWDyPiwPryQ1365dW41iHWKV0o7xLLaPXvEknlZz5RFL62LdFSwlyx6RflJSLFnemYCKw2Ol9la/3IuP1pz9IvubKO1m267oaPp9/p8TZRmcYMzMFY6PiIgDAuf5zHV783BhIeX5JugpU9BaUx8ZxfVlfeKw6OC072dPBOcQCy5IsRCItsI1c7t/EaKPurAGt9+hu2ySftvTzV5Kg/Cgc0t29cRgTsQyM5Um5l3RS26LUfjg41lpw==",
            "region": "us-east-1",
            "tags": null,
            "tags_all": {}
          },
          "sensitive_attributes": [],
          "identity_schema_version": 0,
          "private": "eyJzY2hlbWFfdmVyc2lvbiI6IjEifQ==",
          "dependencies": [
            "tls_private_key.ssh_key"
          ]
        }
      ]
    },
    {
      "mode": "managed",
      "type": "aws_lb",
      "name": "alb",
      "provider": "provider[\"registry.terraform.io/hashicorp/aws\"]",
      "instances": [
        {
          "schema_version": 0,
          "attributes": {
            "access_logs": [
              {
                "bucket": "",
                "enabled": false,
                "prefix": ""
              }
            ],
            "arn": "arn:aws:elasticloadbalancing:us-east-1:455986776549:loadbalancer/app/WebApp-ALB/da116e851f21177c",
            "arn_suffix": "app/WebApp-ALB/da116e851f21177c",
            "client_keep_alive": 3600,
            "connection_logs": [
              {
                "bucket": "",
                "enabled": false,
                "prefix": ""
              }
            ],
            "customer_owned_ipv4_pool": "",
            "desync_mitigation_mode": "defensive",
            "dns_name": "WebApp-ALB-734534692.us-east-1.elb.amazonaws.com",
            "dns_record_client_routing_policy": null,
            "drop_invalid_header_fields": false,
            "enable_cross_zone_load_balancing": true,
            "enable_deletion_protection": false,
            "enable_http2": true,
            "enable_tls_version_and_cipher_suite_headers": false,
            "enable_waf_fail_open": false,
            "enable_xff_client_port": false,
            "enable_zonal_shift": false,
            "enforce_security_group_inbound_rules_on_private_link_traffic": "",
            "id": "arn:aws:elasticloadbalancing:us-east-1:455986776549:loadbalancer/app/WebApp-ALB/da116e851f21177c",
            "idle_timeout": 60,
            "internal": false,
            "ip_address_type": "ipv4",
            "ipam_pools": [],
            "load_balancer_type": "application",
            "minimum_load_balancer_capacity": [],
            "name": "WebApp-ALB",
            "name_prefix": "",
            "preserve_host_header": false,
            "region": "us-east-1",
            "secondary_ips_auto_assigned_per_subnet": null,
            "security_groups": [
              "sg-0bcfce0704548b784"
            ],
            "subnet_mapping": [
              {
                "allocation_id": "",
                "ipv6_address": "",
                "outpost_id": "",
                "private_ipv4_address": "",
                "subnet_id": "subnet-0526f04e99ada8ec6"
              },
              {
                "allocation_id": "",
                "ipv6_address": "",
                "outpost_id": "",
                "private_ipv4_address": "",
                "subnet_id": "subnet-0d95d517e3509ff60"
              }
            ],
            "subnets": [
              "subnet-0526f04e99ada8ec6",
              "subnet-0d95d517e3509ff60"
            ],
            "tags": {
              "Name": "WebApp-ALB"
            },
            "tags_all": {
              "Name": "WebApp-ALB"
            },
            "timeouts": null,
            "vpc_id": "vpc-0fa382cdb9500be7d",
            "xff_header_processing_mode": "append",
            "zone_id": "Z35SXDOTRQ7X7K"
          },
          "sensitive_attributes": [],
          "identity_schema_version": 0,
          "identity": {
            "arn": "arn:aws:elasticloadbalancing:us-east-1:455986776549:loadbalancer/app/WebApp-ALB/da116e851f21177c"
          },
          "private": "eyJlMmJmYjczMC1lY2FhLTExZTYtOGY4OC0zNDM2M2JjN2M0YzAiOnsiY3JlYXRlIjo2MDAwMDAwMDAwMDAsImRlbGV0ZSI6NjAwMDAwMDAwMDAwLCJ1cGRhdGUiOjYwMDAwMDAwMDAwMH19",
          "dependencies": [
            "aws_security_group.alb_sg",
            "aws_subnet.public_a",
            "aws_subnet.public_b",
            "aws_vpc.main"
          ]
        }
      ]
    },
    {
      "mode": "managed",
      "type": "aws_lb_listener",
      "name": "http",
      "provider": "provider[\"registry.terraform.io/hashicorp/aws\"]",
      "instances": [
        {
          "schema_version": 0,
          "attributes": {
            "alpn_policy": null,
            "arn": "arn:aws:elasticloadbalancing:us-east-1:455986776549:listener/app/WebApp-ALB/da116e851f21177c/488d41ddcfdec8c7",
            "certificate_arn": null,
            "default_action": [
              {
                "authenticate_cognito": [],
                "authenticate_oidc": [],
                "fixed_response": [],
                "forward": [],
                "order": 1,
                "redirect": [],
                "target_group_arn": "arn:aws:elasticloadbalancing:us-east-1:455986776549:targetgroup/WebApp-TG/ebbf2e54b2eb8a89",
                "type": "forward"
              }
            ],
            "id": "arn:aws:elasticloadbalancing:us-east-1:455986776549:listener/app/WebApp-ALB/da116e851f21177c/488d41ddcfdec8c7",
            "load_balancer_arn": "arn:aws:elasticloadbalancing:us-east-1:455986776549:loadbalancer/app/WebApp-ALB/da116e851f21177c",
            "mutual_authentication": [],
            "port": 80,
            "protocol": "HTTP",
            "region": "us-east-1",
            "routing_http_request_x_amzn_mtls_clientcert_header_name": null,
            "routing_http_request_x_amzn_mtls_clientcert_issuer_header_name": null,
            "routing_http_request_x_amzn_mtls_clientcert_leaf_header_name": null,
            "routing_http_request_x_amzn_mtls_clientcert_serial_number_header_name": null,
            "routing_http_request_x_amzn_mtls_clientcert_subject_header_name": null,
            "routing_http_request_x_amzn_mtls_clientcert_validity_header_name": null,
            "routing_http_request_x_amzn_tls_cipher_suite_header_name": null,
            "routing_http_request_x_amzn_tls_version_header_name": null,
            "routing_http_response_access_control_allow_credentials_header_value": "",
            "routing_http_response_access_control_allow_headers_header_value": "",
            "routing_http_response_access_control_allow_methods_header_value": "",
            "routing_http_response_access_control_allow_origin_header_value": "",
            "routing_http_response_access_control_expose_headers_header_value": "",
            "routing_http_response_access_control_max_age_header_value": "",
            "routing_http_response_content_security_policy_header_value": "",
            "routing_http_response_server_enabled": true,
            "routing_http_response_strict_transport_security_header_value": "",
            "routing_http_response_x_content_type_options_header_value": "",
            "routing_http_response_x_frame_options_header_value": "",
            "ssl_policy": "",
            "tags": null,
            "tags_all": {},
            "tcp_idle_timeout_seconds": null,
            "timeouts": null
          },
          "sensitive_attributes": [],
          "identity_schema_version": 0,
          "identity": {
            "arn": "arn:aws:elasticloadbalancing:us-east-1:455986776549:listener/app/WebApp-ALB/da116e851f21177c/488d41ddcfdec8c7"
          },
          "private": "eyJlMmJmYjczMC1lY2FhLTExZTYtOGY4OC0zNDM2M2JjN2M0YzAiOnsiY3JlYXRlIjozMDAwMDAwMDAwMDAsInVwZGF0ZSI6MzAwMDAwMDAwMDAwfX0=",
          "dependencies": [
            "aws_lb.alb",
            "aws_lb_target_group.tg",
            "aws_security_group.alb_sg",
            "aws_subnet.public_a",
            "aws_subnet.public_b",
            "aws_vpc.main"
          ]
        }
      ]
    },
    {
      "mode": "managed",
      "type": "aws_lb_target_group",
      "name": "tg",
      "provider": "provider[\"registry.terraform.io/hashicorp/aws\"]",
      "instances": [
        {
          "schema_version": 0,
          "attributes": {
            "arn": "arn:aws:elasticloadbalancing:us-east-1:455986776549:targetgroup/WebApp-TG/ebbf2e54b2eb8a89",
            "arn_suffix": "targetgroup/WebApp-TG/ebbf2e54b2eb8a89",
            "connection_termination": null,
            "deregistration_delay": "300",
            "health_check": [
              {
                "enabled": true,
                "healthy_threshold": 2,
                "interval": 30,
                "matcher": "200",
                "path": "/",
                "port": "traffic-port",
                "protocol": "HTTP",
                "timeout": 5,
                "unhealthy_threshold": 2
              }
            ],
            "id": "arn:aws:elasticloadbalancing:us-east-1:455986776549:targetgroup/WebApp-TG/ebbf2e54b2eb8a89",
            "ip_address_type": "ipv4",
            "lambda_multi_value_headers_enabled": false,
            "load_balancer_arns": [],
            "load_balancing_algorithm_type": "round_robin",
            "load_balancing_anomaly_mitigation": "off",
            "load_balancing_cross_zone_enabled": "use_load_balancer_configuration",
            "name": "WebApp-TG",
            "name_prefix": "",
            "port": 80,
            "preserve_client_ip": null,
            "protocol": "HTTP",
            "protocol_version": "HTTP1",
            "proxy_protocol_v2": false,
            "region": "us-east-1",
            "slow_start": 0,
            "stickiness": [
              {
                "cookie_duration": 86400,
                "cookie_name": "",
                "enabled": false,
                "type": "lb_cookie"
              }
            ],
            "tags": null,
            "tags_all": {},
            "target_failover": [
              {
                "on_deregistration": null,
                "on_unhealthy": null
              }
            ],
            "target_group_health": [
              {
                "dns_failover": [
                  {
                    "minimum_healthy_targets_count": "1",
                    "minimum_healthy_targets_percentage": "off"
                  }
                ],
                "unhealthy_state_routing": [
                  {
                    "minimum_healthy_targets_count": 1,
                    "minimum_healthy_targets_percentage": "off"
                  }
                ]
              }
            ],
            "target_health_state": [
              {
                "enable_unhealthy_connection_termination": null,
                "unhealthy_draining_interval": null
              }
            ],
            "target_type": "instance",
            "vpc_id": "vpc-0fa382cdb9500be7d"
          },
          "sensitive_attributes": [],
          "identity_schema_version": 0,
          "identity": {
            "arn": "arn:aws:elasticloadbalancing:us-east-1:455986776549:targetgroup/WebApp-TG/ebbf2e54b2eb8a89"
          },
          "private": "bnVsbA==",
          "dependencies": [
            "aws_vpc.main"
          ]
        }
      ]
    },
    {
      "mode": "managed",
      "type": "aws_lb_target_group_attachment",
      "name": "web_server_1",
      "provider": "provider[\"registry.terraform.io/hashicorp/aws\"]",
      "instances": [
        {
          "schema_version": 0,
          "attributes": {
            "availability_zone": null,
            "id": "arn:aws:elasticloadbalancing:us-east-1:455986776549:targetgroup/WebApp-TG/ebbf2e54b2eb8a89-20250904111903419600000006",
            "port": 80,
            "region": "us-east-1",
            "target_group_arn": "arn:aws:elasticloadbalancing:us-east-1:455986776549:targetgroup/WebApp-TG/ebbf2e54b2eb8a89",
            "target_id": "i-00121764ee27c09cd"
          },
          "sensitive_attributes": [],
          "identity_schema_version": 0,
          "private": "bnVsbA==",
          "dependencies": [
            "aws_instance.web_server_1",
            "aws_key_pair.generated_key",
            "aws_lb_target_group.tg",
            "aws_security_group.alb_sg",
            "aws_security_group.webserver_sg",
            "aws_subnet.public_a",
            "aws_vpc.main",
            "tls_private_key.ssh_key"
          ]
        }
      ]
    },
    {
      "mode": "managed",
      "type": "aws_lb_target_group_attachment",
      "name": "web_server_2",
      "provider": "provider[\"registry.terraform.io/hashicorp/aws\"]",
      "instances": [
        {
          "schema_version": 0,
          "attributes": {
            "availability_zone": null,
            "id": "arn:aws:elasticloadbalancing:us-east-1:455986776549:targetgroup/WebApp-TG/ebbf2e54b2eb8a89-20250904111903838800000007",
            "port": 80,
            "region": "us-east-1",
            "target_group_arn": "arn:aws:elasticloadbalancing:us-east-1:455986776549:targetgroup/WebApp-TG/ebbf2e54b2eb8a89",
            "target_id": "i-0f368d634c12bbcbf"
          },
          "sensitive_attributes": [],
          "identity_schema_version": 0,
          "private": "bnVsbA==",
          "dependencies": [
            "aws_instance.web_server_2",
            "aws_key_pair.generated_key",
            "aws_lb_target_group.tg",
            "aws_security_group.alb_sg",
            "aws_security_group.webserver_sg",
            "aws_subnet.public_b",
            "aws_vpc.main",
            "tls_private_key.ssh_key"
          ]
        }
      ]
    },
    {
      "mode": "managed",
      "type": "aws_route_table",
      "name": "private",
      "provider": "provider[\"registry.terraform.io/hashicorp/aws\"]",
      "instances": [
        {
          "schema_version": 0,
          "attributes": {
            "arn": "arn:aws:ec2:us-east-1:455986776549:route-table/rtb-0185ae2960e548dfc",
            "id": "rtb-0185ae2960e548dfc",
            "owner_id": "455986776549",
            "propagating_vgws": [],
            "region": "us-east-1",
            "route": [],
            "tags": {
              "Name": "WebApp-Private-Route-Table"
            },
            "tags_all": {
              "Name": "WebApp-Private-Route-Table"
            },
            "timeouts": null,
            "vpc_id": "vpc-0fa382cdb9500be7d"
          },
          "sensitive_attributes": [],
          "identity_schema_version": 0,
          "identity": {
            "account_id": "455986776549",
            "id": "rtb-0185ae2960e548dfc",
            "region": "us-east-1"
          },
          "private": "eyJlMmJmYjczMC1lY2FhLTExZTYtOGY4OC0zNDM2M2JjN2M0YzAiOnsiY3JlYXRlIjozMDAwMDAwMDAwMDAsImRlbGV0ZSI6MzAwMDAwMDAwMDAwLCJ1cGRhdGUiOjEyMDAwMDAwMDAwMH19",
          "dependencies": [
            "aws_vpc.main"
          ]
        }
      ]
    },
    {
      "mode": "managed",
      "type": "aws_route_table",
      "name": "public",
      "provider": "provider[\"registry.terraform.io/hashicorp/aws\"]",
      "instances": [
        {
          "schema_version": 0,
          "attributes": {
            "arn": "arn:aws:ec2:us-east-1:455986776549:route-table/rtb-07292113b3f19615c",
            "id": "rtb-07292113b3f19615c",
            "owner_id": "455986776549",
            "propagating_vgws": [],
            "region": "us-east-1",
            "route": [
              {
                "carrier_gateway_id": "",
                "cidr_block": "0.0.0.0/0",
                "core_network_arn": "",
                "destination_prefix_list_id": "",
                "egress_only_gateway_id": "",
                "gateway_id": "igw-05f19b21e310fb113",
                "ipv6_cidr_block": "",
                "local_gateway_id": "",
                "nat_gateway_id": "",
                "network_interface_id": "",
                "transit_gateway_id": "",
                "vpc_endpoint_id": "",
                "vpc_peering_connection_id": ""
              }
            ],
            "tags": {
              "Name": "WebApp-Public-Route-Table"
            },
            "tags_all": {
              "Name": "WebApp-Public-Route-Table"
            },
            "timeouts": null,
            "vpc_id": "vpc-0fa382cdb9500be7d"
          },
          "sensitive_attributes": [],
          "identity_schema_version": 0,
          "identity": {
            "account_id": "455986776549",
            "id": "rtb-07292113b3f19615c",
            "region": "us-east-1"
          },
          "private": "eyJlMmJmYjczMC1lY2FhLTExZTYtOGY4OC0zNDM2M2JjN2M0YzAiOnsiY3JlYXRlIjozMDAwMDAwMDAwMDAsImRlbGV0ZSI6MzAwMDAwMDAwMDAwLCJ1cGRhdGUiOjEyMDAwMDAwMDAwMH19",
          "dependencies": [
            "aws_internet_gateway.igw",
            "aws_vpc.main"
          ]
        }
      ]
    },
    {
      "mode": "managed",
      "type": "aws_route_table_association",
      "name": "private_a",
      "provider": "provider[\"registry.terraform.io/hashicorp/aws\"]",
      "instances": [
        {
          "schema_version": 0,
          "attributes": {
            "gateway_id": "",
            "id": "rtbassoc-037cd166673a9d52e",
            "region": "us-east-1",
            "route_table_id": "rtb-0185ae2960e548dfc",
            "subnet_id": "subnet-065462f7e49439715",
            "timeouts": null
          },
          "sensitive_attributes": [],
          "identity_schema_version": 0,
          "private": "eyJlMmJmYjczMC1lY2FhLTExZTYtOGY4OC0zNDM2M2JjN2M0YzAiOnsiY3JlYXRlIjozMDAwMDAwMDAwMDAsImRlbGV0ZSI6MzAwMDAwMDAwMDAwLCJ1cGRhdGUiOjEyMDAwMDAwMDAwMH19",
          "dependencies": [
            "aws_route_table.private",
            "aws_subnet.private_a",
            "aws_vpc.main"
          ]
        }
      ]
    },
    {
      "mode": "managed",
      "type": "aws_route_table_association",
      "name": "private_b",
      "provider": "provider[\"registry.terraform.io/hashicorp/aws\"]",
      "instances": [
        {
          "schema_version": 0,
          "attributes": {
            "gateway_id": "",
            "id": "rtbassoc-0b48ded38c0a2129d",
            "region": "us-east-1",
            "route_table_id": "rtb-0185ae2960e548dfc",
            "subnet_id": "subnet-04c53d26350cca9d9",
            "timeouts": null
          },
          "sensitive_attributes": [],
          "identity_schema_version": 0,
          "private": "eyJlMmJmYjczMC1lY2FhLTExZTYtOGY4OC0zNDM2M2JjN2M0YzAiOnsiY3JlYXRlIjozMDAwMDAwMDAwMDAsImRlbGV0ZSI6MzAwMDAwMDAwMDAwLCJ1cGRhdGUiOjEyMDAwMDAwMDAwMH19",
          "dependencies": [
            "aws_route_table.private",
            "aws_subnet.private_b",
            "aws_vpc.main"
          ]
        }
      ]
    },
    {
      "mode": "managed",
      "type": "aws_route_table_association",
      "name": "public_a",
      "provider": "provider[\"registry.terraform.io/hashicorp/aws\"]",
      "instances": [
        {
          "schema_version": 0,
          "attributes": {
            "gateway_id": "",
            "id": "rtbassoc-0f6a345e89305d4f8",
            "region": "us-east-1",
            "route_table_id": "rtb-07292113b3f19615c",
            "subnet_id": "subnet-0d95d517e3509ff60",
            "timeouts": null
          },
          "sensitive_attributes": [],
          "identity_schema_version": 0,
          "private": "eyJlMmJmYjczMC1lY2FhLTExZTYtOGY4OC0zNDM2M2JjN2M0YzAiOnsiY3JlYXRlIjozMDAwMDAwMDAwMDAsImRlbGV0ZSI6MzAwMDAwMDAwMDAwLCJ1cGRhdGUiOjEyMDAwMDAwMDAwMH19",
          "dependencies": [
            "aws_internet_gateway.igw",
            "aws_route_table.public",
            "aws_subnet.public_a",
            "aws_vpc.main"
          ]
        }
      ]
    },
    {
      "mode": "managed",
      "type": "aws_route_table_association",
      "name": "public_b",
      "provider": "provider[\"registry.terraform.io/hashicorp/aws\"]",
      "instances": [
        {
          "schema_version": 0,
          "attributes": {
            "gateway_id": "",
            "id": "rtbassoc-0c91e218df9cefcd6",
            "region": "us-east-1",
            "route_table_id": "rtb-07292113b3f19615c",
            "subnet_id": "subnet-0526f04e99ada8ec6",
            "timeouts": null
          },
          "sensitive_attributes": [],
          "identity_schema_version": 0,
          "private": "eyJlMmJmYjczMC1lY2FhLTExZTYtOGY4OC0zNDM2M2JjN2M0YzAiOnsiY3JlYXRlIjozMDAwMDAwMDAwMDAsImRlbGV0ZSI6MzAwMDAwMDAwMDAwLCJ1cGRhdGUiOjEyMDAwMDAwMDAwMH19",
          "dependencies": [
            "aws_internet_gateway.igw",
            "aws_route_table.public",
            "aws_subnet.public_b",
            "aws_vpc.main"
          ]
        }
      ]
    },
    {
      "mode": "managed",
      "type": "aws_security_group",
      "name": "alb_sg",
      "provider": "provider[\"registry.terraform.io/hashicorp/aws\"]",
      "instances": [
        {
          "schema_version": 1,
          "attributes": {
            "arn": "arn:aws:ec2:us-east-1:455986776549:security-group/sg-0bcfce0704548b784",
            "description": "Security group for ALB",
            "egress": [
              {
                "cidr_blocks": [
                  "0.0.0.0/0"
                ],
                "description": "",
                "from_port": 0,
                "ipv6_cidr_blocks": [],
                "prefix_list_ids": [],
                "protocol": "-1",
                "security_groups": [],
                "self": false,
                "to_port": 0
              }
            ],
            "id": "sg-0bcfce0704548b784",
            "ingress": [
              {
                "cidr_blocks": [
                  "0.0.0.0/0"
                ],
                "description": "",
                "from_port": 443,
                "ipv6_cidr_blocks": [],
                "prefix_list_ids": [],
                "protocol": "tcp",
                "security_groups": [],
                "self": false,
                "to_port": 443
              },
              {
                "cidr_blocks": [
                  "0.0.0.0/0"
                ],
                "description": "",
                "from_port": 80,
                "ipv6_cidr_blocks": [],
                "prefix_list_ids": [],
                "protocol": "tcp",
                "security_groups": [],
                "self": false,
                "to_port": 80
              }
            ],
            "name": "ALB-SG",
            "name_prefix": "",
            "owner_id": "455986776549",
            "region": "us-east-1",
            "revoke_rules_on_delete": false,
            "tags": {
              "Name": "ALB-SG"
            },
            "tags_all": {
              "Name": "ALB-SG"
            },
            "timeouts": null,
            "vpc_id": "vpc-0fa382cdb9500be7d"
          },
          "sensitive_attributes": [],
          "identity_schema_version": 0,
          "identity": {
            "account_id": "455986776549",
            "id": "sg-0bcfce0704548b784",
            "region": "us-east-1"
          },
          "private": "eyJlMmJmYjczMC1lY2FhLTExZTYtOGY4OC0zNDM2M2JjN2M0YzAiOnsiY3JlYXRlIjo2MDAwMDAwMDAwMDAsImRlbGV0ZSI6OTAwMDAwMDAwMDAwfSwic2NoZW1hX3ZlcnNpb24iOiIxIn0=",
          "dependencies": [
            "aws_vpc.main"
          ]
        }
      ]
    },
    {
      "mode": "managed",
      "type": "aws_security_group",
      "name": "database_sg",
      "provider": "provider[\"registry.terraform.io/hashicorp/aws\"]",
      "instances": [
        {
          "schema_version": 1,
          "attributes": {
            "arn": "arn:aws:ec2:us-east-1:455986776549:security-group/sg-0b739c318b76021b7",
            "description": "Security group for RDS",
            "egress": [
              {
                "cidr_blocks": [
                  "0.0.0.0/0"
                ],
                "description": "",
                "from_port": 0,
                "ipv6_cidr_blocks": [],
                "prefix_list_ids": [],
                "protocol": "-1",
                "security_groups": [],
                "self": false,
                "to_port": 0
              }
            ],
            "id": "sg-0b739c318b76021b7",
            "ingress": [
              {
                "cidr_blocks": [],
                "description": "",
                "from_port": 3306,
                "ipv6_cidr_blocks": [],
                "prefix_list_ids": [],
                "protocol": "tcp",
                "security_groups": [
                  "sg-0c089d2b42d50a3f1"
                ],
                "self": false,
                "to_port": 3306
              }
            ],
            "name": "WebApp-Database-SG",
            "name_prefix": "",
            "owner_id": "455986776549",
            "region": "us-east-1",
            "revoke_rules_on_delete": false,
            "tags": {
              "Name": "WebApp-Database-SG"
            },
            "tags_all": {
              "Name": "WebApp-Database-SG"
            },
            "timeouts": null,
            "vpc_id": "vpc-0fa382cdb9500be7d"
          },
          "sensitive_attributes": [],
          "identity_schema_version": 0,
          "identity": {
            "account_id": "455986776549",
            "id": "sg-0b739c318b76021b7",
            "region": "us-east-1"
          },
          "private": "eyJlMmJmYjczMC1lY2FhLTExZTYtOGY4OC0zNDM2M2JjN2M0YzAiOnsiY3JlYXRlIjo2MDAwMDAwMDAwMDAsImRlbGV0ZSI6OTAwMDAwMDAwMDAwfSwic2NoZW1hX3ZlcnNpb24iOiIxIn0=",
          "dependencies": [
            "aws_security_group.alb_sg",
            "aws_security_group.webserver_sg",
            "aws_vpc.main"
          ]
        }
      ]
    },
    {
      "mode": "managed",
      "type": "aws_security_group",
      "name": "webserver_sg",
      "provider": "provider[\"registry.terraform.io/hashicorp/aws\"]",
      "instances": [
        {
          "schema_version": 1,
          "attributes": {
            "arn": "arn:aws:ec2:us-east-1:455986776549:security-group/sg-0c089d2b42d50a3f1",
            "description": "Security group for web servers",
            "egress": [
              {
                "cidr_blocks": [
                  "0.0.0.0/0"
                ],
                "description": "",
                "from_port": 0,
                "ipv6_cidr_blocks": [],
                "prefix_list_ids": [],
                "protocol": "-1",
                "security_groups": [],
                "self": false,
                "to_port": 0
              }
            ],
            "id": "sg-0c089d2b42d50a3f1",
            "ingress": [
              {
                "cidr_blocks": [
                  "0.0.0.0/0"
                ],
                "description": "",
                "from_port": 22,
                "ipv6_cidr_blocks": [],
                "prefix_list_ids": [],
                "protocol": "tcp",
                "security_groups": [],
                "self": false,
                "to_port": 22
              },
              {
                "cidr_blocks": [],
                "description": "",
                "from_port": 80,
                "ipv6_cidr_blocks": [],
                "prefix_list_ids": [],
                "protocol": "tcp",
                "security_groups": [
                  "sg-0bcfce0704548b784"
                ],
                "self": false,
                "to_port": 80
              }
            ],
            "name": "Webserver-SG",
            "name_prefix": "",
            "owner_id": "455986776549",
            "region": "us-east-1",
            "revoke_rules_on_delete": false,
            "tags": {
              "Name": "Webserver-SG"
            },
            "tags_all": {
              "Name": "Webserver-SG"
            },
            "timeouts": null,
            "vpc_id": "vpc-0fa382cdb9500be7d"
          },
          "sensitive_attributes": [],
          "identity_schema_version": 0,
          "identity": {
            "account_id": "455986776549",
            "id": "sg-0c089d2b42d50a3f1",
            "region": "us-east-1"
          },
          "private": "eyJlMmJmYjczMC1lY2FhLTExZTYtOGY4OC0zNDM2M2JjN2M0YzAiOnsiY3JlYXRlIjo2MDAwMDAwMDAwMDAsImRlbGV0ZSI6OTAwMDAwMDAwMDAwfSwic2NoZW1hX3ZlcnNpb24iOiIxIn0=",
          "dependencies": [
            "aws_security_group.alb_sg",
            "aws_vpc.main"
          ]
        }
      ]
    },
    {
      "mode": "managed",
      "type": "aws_subnet",
      "name": "private_a",
      "provider": "provider[\"registry.terraform.io/hashicorp/aws\"]",
      "instances": [
        {
          "schema_version": 1,
          "attributes": {
            "arn": "arn:aws:ec2:us-east-1:455986776549:subnet/subnet-065462f7e49439715",
            "assign_ipv6_address_on_creation": false,
            "availability_zone": "us-east-1a",
            "availability_zone_id": "use1-az4",
            "cidr_block": "10.0.2.0/24",
            "customer_owned_ipv4_pool": "",
            "enable_dns64": false,
            "enable_lni_at_device_index": 0,
            "enable_resource_name_dns_a_record_on_launch": false,
            "enable_resource_name_dns_aaaa_record_on_launch": false,
            "id": "subnet-065462f7e49439715",
            "ipv6_cidr_block": "",
            "ipv6_cidr_block_association_id": "",
            "ipv6_native": false,
            "map_customer_owned_ip_on_launch": false,
            "map_public_ip_on_launch": false,
            "outpost_arn": "",
            "owner_id": "455986776549",
            "private_dns_hostname_type_on_launch": "ip-name",
            "region": "us-east-1",
            "tags": {
              "Name": "WebApp-Subnet-Private-A"
            },
            "tags_all": {
              "Name": "WebApp-Subnet-Private-A"
            },
            "timeouts": null,
            "vpc_id": "vpc-0fa382cdb9500be7d"
          },
          "sensitive_attributes": [],
          "identity_schema_version": 0,
          "identity": {
            "account_id": "455986776549",
            "id": "subnet-065462f7e49439715",
            "region": "us-east-1"
          },
          "private": "eyJlMmJmYjczMC1lY2FhLTExZTYtOGY4OC0zNDM2M2JjN2M0YzAiOnsiY3JlYXRlIjo2MDAwMDAwMDAwMDAsImRlbGV0ZSI6MTIwMDAwMDAwMDAwMH0sInNjaGVtYV92ZXJzaW9uIjoiMSJ9",
          "dependencies": [
            "aws_vpc.main"
          ]
        }
      ]
    },
    {
      "mode": "managed",
      "type": "aws_subnet",
      "name": "private_b",
      "provider": "provider[\"registry.terraform.io/hashicorp/aws\"]",
      "instances": [
        {
          "schema_version": 1,
          "attributes": {
            "arn": "arn:aws:ec2:us-east-1:455986776549:subnet/subnet-04c53d26350cca9d9",
            "assign_ipv6_address_on_creation": false,
            "availability_zone": "us-east-1b",
            "availability_zone_id": "use1-az6",
            "cidr_block": "10.0.4.0/24",
            "customer_owned_ipv4_pool": "",
            "enable_dns64": false,
            "enable_lni_at_device_index": 0,
            "enable_resource_name_dns_a_record_on_launch": false,
            "enable_resource_name_dns_aaaa_record_on_launch": false,
            "id": "subnet-04c53d26350cca9d9",
            "ipv6_cidr_block": "",
            "ipv6_cidr_block_association_id": "",
            "ipv6_native": false,
            "map_customer_owned_ip_on_launch": false,
            "map_public_ip_on_launch": false,
            "outpost_arn": "",
            "owner_id": "455986776549",
            "private_dns_hostname_type_on_launch": "ip-name",
            "region": "us-east-1",
            "tags": {
              "Name": "WebApp-Subnet-Private-B"
            },
            "tags_all": {
              "Name": "WebApp-Subnet-Private-B"
            },
            "timeouts": null,
            "vpc_id": "vpc-0fa382cdb9500be7d"
          },
          "sensitive_attributes": [],
          "identity_schema_version": 0,
          "identity": {
            "account_id": "455986776549",
            "id": "subnet-04c53d26350cca9d9",
            "region": "us-east-1"
          },
          "private": "eyJlMmJmYjczMC1lY2FhLTExZTYtOGY4OC0zNDM2M2JjN2M0YzAiOnsiY3JlYXRlIjo2MDAwMDAwMDAwMDAsImRlbGV0ZSI6MTIwMDAwMDAwMDAwMH0sInNjaGVtYV92ZXJzaW9uIjoiMSJ9",
          "dependencies": [
            "aws_vpc.main"
          ]
        }
      ]
    },
    {
      "mode": "managed",
      "type": "aws_subnet",
      "name": "public_a",
      "provider": "provider[\"registry.terraform.io/hashicorp/aws\"]",
      "instances": [
        {
          "schema_version": 1,
          "attributes": {
            "arn": "arn:aws:ec2:us-east-1:455986776549:subnet/subnet-0d95d517e3509ff60",
            "assign_ipv6_address_on_creation": false,
            "availability_zone": "us-east-1a",
            "availability_zone_id": "use1-az4",
            "cidr_block": "10.0.1.0/24",
            "customer_owned_ipv4_pool": "",
            "enable_dns64": false,
            "enable_lni_at_device_index": 0,
            "enable_resource_name_dns_a_record_on_launch": false,
            "enable_resource_name_dns_aaaa_record_on_launch": false,
            "id": "subnet-0d95d517e3509ff60",
            "ipv6_cidr_block": "",
            "ipv6_cidr_block_association_id": "",
            "ipv6_native": false,
            "map_customer_owned_ip_on_launch": false,
            "map_public_ip_on_launch": true,
            "outpost_arn": "",
            "owner_id": "455986776549",
            "private_dns_hostname_type_on_launch": "ip-name",
            "region": "us-east-1",
            "tags": {
              "Name": "WebApp-Subnet-Public-A"
            },
            "tags_all": {
              "Name": "WebApp-Subnet-Public-A"
            },
            "timeouts": null,
            "vpc_id": "vpc-0fa382cdb9500be7d"
          },
          "sensitive_attributes": [],
          "identity_schema_version": 0,
          "identity": {
            "account_id": "455986776549",
            "id": "subnet-0d95d517e3509ff60",
            "region": "us-east-1"
          },
          "private": "eyJlMmJmYjczMC1lY2FhLTExZTYtOGY4OC0zNDM2M2JjN2M0YzAiOnsiY3JlYXRlIjo2MDAwMDAwMDAwMDAsImRlbGV0ZSI6MTIwMDAwMDAwMDAwMH0sInNjaGVtYV92ZXJzaW9uIjoiMSJ9",
          "dependencies": [
            "aws_vpc.main"
          ]
        }
      ]
    },
    {
      "mode": "managed",
      "type": "aws_subnet",
      "name": "public_b",
      "provider": "provider[\"registry.terraform.io/hashicorp/aws\"]",
      "instances": [
        {
          "schema_version": 1,
          "attributes": {
            "arn": "arn:aws:ec2:us-east-1:455986776549:subnet/subnet-0526f04e99ada8ec6",
            "assign_ipv6_address_on_creation": false,
            "availability_zone": "us-east-1b",
            "availability_zone_id": "use1-az6",
            "cidr_block": "10.0.3.0/24",
            "customer_owned_ipv4_pool": "",
            "enable_dns64": false,
            "enable_lni_at_device_index": 0,
            "enable_resource_name_dns_a_record_on_launch": false,
            "enable_resource_name_dns_aaaa_record_on_launch": false,
            "id": "subnet-0526f04e99ada8ec6",
            "ipv6_cidr_block": "",
            "ipv6_cidr_block_association_id": "",
            "ipv6_native": false,
            "map_customer_owned_ip_on_launch": false,
            "map_public_ip_on_launch": true,
            "outpost_arn": "",
            "owner_id": "455986776549",
            "private_dns_hostname_type_on_launch": "ip-name",
            "region": "us-east-1",
            "tags": {
              "Name": "WebApp-Subnet-Public-B"
            },
            "tags_all": {
              "Name": "WebApp-Subnet-Public-B"
            },
            "timeouts": null,
            "vpc_id": "vpc-0fa382cdb9500be7d"
          },
          "sensitive_attributes": [],
          "identity_schema_version": 0,
          "identity": {
            "account_id": "455986776549",
            "id": "subnet-0526f04e99ada8ec6",
            "region": "us-east-1"
          },
          "private": "eyJlMmJmYjczMC1lY2FhLTExZTYtOGY4OC0zNDM2M2JjN2M0YzAiOnsiY3JlYXRlIjo2MDAwMDAwMDAwMDAsImRlbGV0ZSI6MTIwMDAwMDAwMDAwMH0sInNjaGVtYV92ZXJzaW9uIjoiMSJ9",
          "dependencies": [
            "aws_vpc.main"
          ]
        }
      ]
    },
    {
      "mode": "managed",
      "type": "aws_vpc",
      "name": "main",
      "provider": "provider[\"registry.terraform.io/hashicorp/aws\"]",
      "instances": [
        {
          "schema_version": 1,
          "attributes": {
            "arn": "arn:aws:ec2:us-east-1:455986776549:vpc/vpc-0fa382cdb9500be7d",
            "assign_generated_ipv6_cidr_block": false,
            "cidr_block": "10.0.0.0/16",
            "default_network_acl_id": "acl-0686052c5e5f626a3",
            "default_route_table_id": "rtb-0cabc0a90997b326c",
            "default_security_group_id": "sg-07d727eea96869bac",
            "dhcp_options_id": "dopt-0d9fc7c649e2bee20",
            "enable_dns_hostnames": true,
            "enable_dns_support": true,
            "enable_network_address_usage_metrics": false,
            "id": "vpc-0fa382cdb9500be7d",
            "instance_tenancy": "default",
            "ipv4_ipam_pool_id": null,
            "ipv4_netmask_length": null,
            "ipv6_association_id": "",
            "ipv6_cidr_block": "",
            "ipv6_cidr_block_network_border_group": "",
            "ipv6_ipam_pool_id": "",
            "ipv6_netmask_length": 0,
            "main_route_table_id": "rtb-0cabc0a90997b326c",
            "owner_id": "455986776549",
            "region": "us-east-1",
            "tags": {
              "Name": "WebApp"
            },
            "tags_all": {
              "Name": "WebApp"
            }
          },
          "sensitive_attributes": [],
          "identity_schema_version": 0,
          "private": "eyJzY2hlbWFfdmVyc2lvbiI6IjEifQ=="
        }
      ]
    },
    {
      "mode": "managed",
      "type": "local_file",
      "name": "private_key_file",
      "provider": "provider[\"registry.terraform.io/hashicorp/local\"]",
      "instances": [
        {
          "schema_version": 0,
          "attributes": {
            "content": "-----BEGIN RSA PRIVATE KEY-----\nMIIJKAIBAAKCAgEA1OFhgudGrkhMayKtB2H8Ad6iM8Uw5RJNxEOtIhmTs5MBwaby\nQ87nxZ/bWcY/Pvqd70h13HfSm4YNLKGSooY2GC4PsO37Ec90kjra5xkdaNb+C4Rk\n6zm3vLpXG+gSbuwSpfG8a/9EI8GaVWvIGUdolACm1UfgdXJXIswg3ejS3PUrEg63\nClq3olSDRdbNvx5BDzWyQf0qRJtL+9sqRVxxt88YjwdapFEV/dYQDPCnbyCM6I+f\n+Z67vs9G6cmQ8QDGFlqVq63XPom5fy0s30lPFu4qQ0Rh7AjV0Xpy6sjkmBxaOHE2\nXE0YurmJWiDb2fZ5X/0evAeKLGkP36TgbTKtsyyXFJnAfLTEe5ReKGG9zDYjBOgz\nSQ8N78Ub0inHIdALh8rOjgQcwL2Zm1PsOW/Al3cV6dMWgXIrc2uf1rchIYKCUOCf\nE6rsLP4Fg8j4sD68kNd+uXVuNYh1ildKO8Sy2j17xJJ5Wc+URS+ti3RUsJcsekX5\nSUixZ3pmAisNjpfZWv9yLj9ac/SL7myjtZtuu6Gj6ff6fE2UZnGDMzBWOj4iIAwL\nn+cx1e/NwYSHl+SboKVPQWlMfGcX1ZX3isOjgtO9nTwTnEAsuSLEQiLbCNXO7fxG\nij7qwBrffobtskn7b081eSoPwoHNLdvXEYE7EMjOVJuZd0Utui1H44ONZacCAwEA\nAQKCAgBJT0hOVSkBEcLHTky58yNe3XWMUIcTC+eeBBRWXup/d8uuDbj2YwVsCC34\nz42uOY4z/gcgol7z0gktaoLd10w/rXUX4AyLSJ8DUKNb3ElFdmxMOQ6r9tdwdddT\ns+rNKh0N6p6RrnmfuqdUbWaeVfoMpeDOKA+DQpoBULyszuX207M+Z7TfKvh8PZBr\nd5qpC1kqTLqTgQSSVcyn8gSvmDNNMlNpxgWP+qCRJqumWSW/3jzIRdW4l9Jd1nG8\nRv7UEAknX5CVa6tpTPKFemAukMdcxS3mtmDmcPB5UCrM8dvPCkyDjXFD/gTbINPN\nJu2vNPL9fGSeKhaKTq/5u4TR9hbcsPV/RS4XyRlDgcug4Jf5iqZffvuTI/MsZDEB\niCBZboCGK0UVyGdplgsoGclBKZwb86Cu5i0p6Q0eiX1SHzRYbFYx+JueluK45qgI\nzgrB37iAXDRzQjhBoZMB6H0Qq9sg27BO4X7hw6v7gzNs2TAlpni+l4ng+KsmWZU/\ncAJbECRqRN0BfLYjgCbMNLn+SvUKSfkFqT9WaAsVLAUXz6NaGGqFwdJ1BU4lrupq\nz1SMsEloaortICRQiF1vIKSPnd8jysm3tN07nViykpH8X+6n68hePdpZ5L3pdV/A\nqY01Btn5P4z4/Cgj/O3CLSiZyX+SZzJtHkf3Mg+PCowydsInoQKCAQEA+tp9MYTh\npQC24YA7nTK6ZK+DMKqfEg4l1jS2hHTzEYo56v8nJsxh8jgJCQacqhezdvSKmoJH\nzJoK/k6w4gg+2hF3Qal5vqmkI845nmUMj2C/MDgi8xGU+G80x1F/WH3p6W49eqPs\nxVf/Rytr5y7503JpkhYhay2oMaed1u8U40JT02BsYKGKTKXAD2PYqcKPhgbwN9nw\nUlmPZmJZbZlfbKVzAWlGYgxqPn7of/5a9NoWg6PfotbV7h9zvCZ+6CdvVTRkzB5v\nRzYWr5Bng0VRYX16FC4psZgvzyJJ89kmq4oNNEK41IboPPyrG9kxnvUVrRmpWWCH\n2pDtX5gxqtWPFwKCAQEA2T9z899O5CZ9qw+2heXHKbB2WOMZrUEe3YshfGWYcJoX\npU+8X7Amj+Pa/Y5uRHLYo0fgHO93nG/CB54I9WKqGBU3yAaRcaZjrVgFNh4U4fSb\nr9G0WFSHrZDlDpUY7PmHBaXv4cOr1BkkSRg2khfJXCwSrFPamhoTX28sFk1VHl6J\nBgh/WLhvFIcQ6XJT69amJaAiEmAMfj9Itd8TFHNmiz6DrltD0tron6VUbq4DBWW4\nrwiF4/r6wS4bwBJPmqmIBYu+jN8nS2DIgLHDB+fuqsXJRX9/yiJu3WRd3A0b8k04\ne1x2QGayfPcWSgnXjpePkWQnIKKFkDehde8om7J38QKCAQA0zHwBSji8JBRaDkV9\n5sl4m8B/I8prYHLyTRIFeyAWFwPtxFqXPfl3o/ey4KNk4awyY3Iw5y75j4q00BdG\n2/luqLJzLZqkWMxlhOh3wEkOfIyBN6+TfaXfTHjNYwfstkPfkAZ8o7gYKVdfwXHq\nrOaEbNZvmxzZlDiMiv0b2iKJWtKN8QOeqyGS1GhCVP+ra3oN+bPh7Ys5qgQWxqiP\n+vIsyf4U0/WueXJ7SPbiycSXOLf4aSuO+Kz6e8A+X9PiRTqXsnlsxRMi5+2Kclh3\nNsXUQTbKvJSl/qRBcrQiERikjmANGeYRRXvoKj5RlDtve6JeVsJgP4MYq9xqfHwn\nut9tAoIBAQCRkRPX39RTyXrBCUlK1NkrlQLnslv9HDpbRiOM3+JR6N5ZNWFKWJSu\nK4YMCcjW8oE4fyurF8X0u2mugvULvy2r72OuEsCX/16gwu7TATsK4EUFfSUzXoh/\nAyyIJd1KxDP10+c1RlA3URVgKOo/39JbgWiNsa4zPa+nba2D0BNtwvhbY4w43XQI\ntCvf0GxtBSnU4kSSPWuBmFPXEX8OX/jg6mV/icWbXnUqq7Q0aUK69hrWpYZZaU1l\n7chIXbybLGdpF+b5K3l/53zRxsqg3IauRNMFT1ZIEeRpUhwWG26TX6yt9BmEM4v7\ncfCscYXPFLztNceF9YA7TxtQE40JLn9xAoIBAGCqlmOi4YwBf4qoOwsaByMHgd9V\nmIKLyu7aMo+uacqZHjvxqwgkdDEClk5RO0CCJlnJBKUTZqPMlXXUtzaVIqO7frPD\nENi7fzJPwo4Du4cf16tgUuCe+maNj0HOsfpEmIw63ZuHkd6daNLvP8Cy+xKMhTRR\n23+dDvXSzwlYLItsp90yqVq1xyFlJvkU7rIL3katBguv/ROb7L8tJPXLsXD7XciX\nmkwPgRNqediVsPZLoe+2JuXs3yeBoO8qPUxQK/VMEvVyN7FCBB2ldNZVqYhD4/ep\nO3KSNMzfi4x/c2ZMyoCxELfTYai0ouRxh3aUJDunXEE1WXgqtTkrZlbWl9I=\n-----END RSA PRIVATE KEY-----\n",
            "content_base64": null,
            "content_base64sha256": "NTwKdgsBr/E/TEa2OXpH+x55TR/lvgQh4M9yQVU3DCw=",
            "content_base64sha512": "10/0eqOi6zgePntbvIhEHkoC06Pevvv2dO8eFxFYiW5X42PGeFuE1kFKaKkmzCLntj5j49IbiIf++sqKQDdQxA==",
            "content_md5": "f4392df890717da7d90a6a23ac160bff",
            "content_sha1": "7bd583c2caff70119062f28594b70f84af72dec0",
            "content_sha256": "353c0a760b01aff13f4c46b6397a47fb1e794d1fe5be0421e0cf724155370c2c",
            "content_sha512": "d74ff47aa3a2eb381e3e7b5bbc88441e4a02d3a3debefbf674ef1e171158896e57e363c6785b84d6414a68a926cc22e7b63e63e3d21b8887fefaca8a403750c4",
            "directory_permission": "0777",
            "file_permission": "0400",
            "filename": "my-generated-key.pem",
            "id": "7bd583c2caff70119062f28594b70f84af72dec0",
            "sensitive_content": null,
            "source": null
          },
          "sensitive_attributes": [
            [
              {
                "type": "get_attr",
                "value": "content"
              }
            ],
            [
              {
                "type": "get_attr",
                "value": "sensitive_content"
              }
            ]
          ],
          "identity_schema_version": 0,
          "dependencies": [
            "tls_private_key.ssh_key"
          ]
        }
      ]
    },
    {
      "mode": "managed",
      "type": "tls_private_key",
      "name": "ssh_key",
      "provider": "provider[\"registry.terraform.io/hashicorp/tls\"]",
      "instances": [
        {
          "schema_version": 1,
          "attributes": {
            "algorithm": "RSA",
            "ecdsa_curve": "P224",
            "id": "8e4ab89ac6fd63214c4e0be394759724ad3f6de3",
            "private_key_openssh": "-----BEGIN OPENSSH PRIVATE KEY-----\nb3BlbnNzaC1rZXktdjEAAAAABG5vbmUAAAAEbm9uZQAAAAAAAAABAAACFwAAAAdz\nc2gtcnNhAAAAAwEAAQAAAgEA1OFhgudGrkhMayKtB2H8Ad6iM8Uw5RJNxEOtIhmT\ns5MBwabyQ87nxZ/bWcY/Pvqd70h13HfSm4YNLKGSooY2GC4PsO37Ec90kjra5xkd\naNb+C4Rk6zm3vLpXG+gSbuwSpfG8a/9EI8GaVWvIGUdolACm1UfgdXJXIswg3ejS\n3PUrEg63Clq3olSDRdbNvx5BDzWyQf0qRJtL+9sqRVxxt88YjwdapFEV/dYQDPCn\nbyCM6I+f+Z67vs9G6cmQ8QDGFlqVq63XPom5fy0s30lPFu4qQ0Rh7AjV0Xpy6sjk\nmBxaOHE2XE0YurmJWiDb2fZ5X/0evAeKLGkP36TgbTKtsyyXFJnAfLTEe5ReKGG9\nzDYjBOgzSQ8N78Ub0inHIdALh8rOjgQcwL2Zm1PsOW/Al3cV6dMWgXIrc2uf1rch\nIYKCUOCfE6rsLP4Fg8j4sD68kNd+uXVuNYh1ildKO8Sy2j17xJJ5Wc+URS+ti3RU\nsJcsekX5SUixZ3pmAisNjpfZWv9yLj9ac/SL7myjtZtuu6Gj6ff6fE2UZnGDMzBW\nOj4iIAwLn+cx1e/NwYSHl+SboKVPQWlMfGcX1ZX3isOjgtO9nTwTnEAsuSLEQiLb\nCNXO7fxGij7qwBrffobtskn7b081eSoPwoHNLdvXEYE7EMjOVJuZd0Utui1H44ON\nZacAAAc4ymISo8piEqMAAAAHc3NoLXJzYQAAAgEA1OFhgudGrkhMayKtB2H8Ad6i\nM8Uw5RJNxEOtIhmTs5MBwabyQ87nxZ/bWcY/Pvqd70h13HfSm4YNLKGSooY2GC4P\nsO37Ec90kjra5xkdaNb+C4Rk6zm3vLpXG+gSbuwSpfG8a/9EI8GaVWvIGUdolACm\n1UfgdXJXIswg3ejS3PUrEg63Clq3olSDRdbNvx5BDzWyQf0qRJtL+9sqRVxxt88Y\njwdapFEV/dYQDPCnbyCM6I+f+Z67vs9G6cmQ8QDGFlqVq63XPom5fy0s30lPFu4q\nQ0Rh7AjV0Xpy6sjkmBxaOHE2XE0YurmJWiDb2fZ5X/0evAeKLGkP36TgbTKtsyyX\nFJnAfLTEe5ReKGG9zDYjBOgzSQ8N78Ub0inHIdALh8rOjgQcwL2Zm1PsOW/Al3cV\n6dMWgXIrc2uf1rchIYKCUOCfE6rsLP4Fg8j4sD68kNd+uXVuNYh1ildKO8Sy2j17\nxJJ5Wc+URS+ti3RUsJcsekX5SUixZ3pmAisNjpfZWv9yLj9ac/SL7myjtZtuu6Gj\n6ff6fE2UZnGDMzBWOj4iIAwLn+cx1e/NwYSHl+SboKVPQWlMfGcX1ZX3isOjgtO9\nnTwTnEAsuSLEQiLbCNXO7fxGij7qwBrffobtskn7b081eSoPwoHNLdvXEYE7EMjO\nVJuZd0Utui1H44ONZacAAAADAQABAAACAElPSE5VKQERwsdOTLnzI17ddYxQhxML\n554EFFZe6n93y64NuPZjBWwILfjPja45jjP+ByCiXvPSCS1qgt3XTD+tdRfgDItI\nnwNQo1vcSUV2bEw5Dqv213B111Oz6s0qHQ3qnpGueZ+6p1RtZp5V+gyl4M4oD4NC\nmgFQvKzO5fbTsz5ntN8q+Hw9kGt3mqkLWSpMupOBBJJVzKfyBK+YM00yU2nGBY/6\noJEmq6ZZJb/ePMhF1biX0l3WcbxG/tQQCSdfkJVrq2lM8oV6YC6Qx1zFLea2YOZw\n8HlQKszx288KTIONcUP+BNsg080m7a808v18ZJ4qFopOr/m7hNH2Ftyw9X9FLhfJ\nGUOBy6Dgl/mKpl9++5Mj8yxkMQGIIFlugIYrRRXIZ2mWCygZyUEpnBvzoK7mLSnp\nDR6JfVIfNFhsVjH4m56W4rjmqAjOCsHfuIBcNHNCOEGhkwHofRCr2yDbsE7hfuHD\nq/uDM2zZMCWmeL6XieD4qyZZlT9wAlsQJGpE3QF8tiOAJsw0uf5K9QpJ+QWpP1Zo\nCxUsBRfPo1oYaoXB0nUFTiWu6mrPVIywSWhqiu0gJFCIXW8gpI+d3yPKybe03Tud\nWLKSkfxf7qfryF492lnkvel1X8CpjTUG2fk/jPj8KCP87cItKJnJf5JnMm0eR/cy\nD48KjDJ2wiehAAABAGCqlmOi4YwBf4qoOwsaByMHgd9VmIKLyu7aMo+uacqZHjvx\nqwgkdDEClk5RO0CCJlnJBKUTZqPMlXXUtzaVIqO7frPDENi7fzJPwo4Du4cf16tg\nUuCe+maNj0HOsfpEmIw63ZuHkd6daNLvP8Cy+xKMhTRR23+dDvXSzwlYLItsp90y\nqVq1xyFlJvkU7rIL3katBguv/ROb7L8tJPXLsXD7XciXmkwPgRNqediVsPZLoe+2\nJuXs3yeBoO8qPUxQK/VMEvVyN7FCBB2ldNZVqYhD4/epO3KSNMzfi4x/c2ZMyoCx\nELfTYai0ouRxh3aUJDunXEE1WXgqtTkrZlbWl9IAAAEBAPrafTGE4aUAtuGAO50y\numSvgzCqnxIOJdY0toR08xGKOer/JybMYfI4CQkGnKoXs3b0ipqCR8yaCv5OsOII\nPtoRd0Gpeb6ppCPOOZ5lDI9gvzA4IvMRlPhvNMdRf1h96eluPXqj7MVX/0cra+cu\n+dNyaZIWIWstqDGnndbvFONCU9NgbGChikylwA9j2KnCj4YG8DfZ8FJZj2ZiWW2Z\nX2ylcwFpRmIMaj5+6H/+WvTaFoOj36LW1e4fc7wmfugnb1U0ZMweb0c2Fq+QZ4NF\nUWF9ehQuKbGYL88iSfPZJquKDTRCuNSG6Dz8qxvZMZ71Fa0ZqVlgh9qQ7V+YMarV\njxcAAAEBANk/c/PfTuQmfasPtoXlxymwdljjGa1BHt2LIXxlmHCaF6VPvF+wJo/j\n2v2ObkRy2KNH4Bzvd5xvwgeeCPViqhgVN8gGkXGmY61YBTYeFOH0m6/RtFhUh62Q\n5Q6VGOz5hwWl7+HDq9QZJEkYNpIXyVwsEqxT2poaE19vLBZNVR5eiQYIf1i4bxSH\nEOlyU+vWpiWgIhJgDH4/SLXfExRzZos+g65bQ9La6J+lVG6uAwVluK8IheP6+sEu\nG8AST5qpiAWLvozfJ0tgyICxwwfn7qrFyUV/f8oibt1kXdwNG/JNOHtcdkBmsnz3\nFkoJ146Xj5FkJyCihZA3oXXvKJuyd/EAAAAAAQID\n-----END OPENSSH PRIVATE KEY-----\n",
            "private_key_pem": "-----BEGIN RSA PRIVATE KEY-----\nMIIJKAIBAAKCAgEA1OFhgudGrkhMayKtB2H8Ad6iM8Uw5RJNxEOtIhmTs5MBwaby\nQ87nxZ/bWcY/Pvqd70h13HfSm4YNLKGSooY2GC4PsO37Ec90kjra5xkdaNb+C4Rk\n6zm3vLpXG+gSbuwSpfG8a/9EI8GaVWvIGUdolACm1UfgdXJXIswg3ejS3PUrEg63\nClq3olSDRdbNvx5BDzWyQf0qRJtL+9sqRVxxt88YjwdapFEV/dYQDPCnbyCM6I+f\n+Z67vs9G6cmQ8QDGFlqVq63XPom5fy0s30lPFu4qQ0Rh7AjV0Xpy6sjkmBxaOHE2\nXE0YurmJWiDb2fZ5X/0evAeKLGkP36TgbTKtsyyXFJnAfLTEe5ReKGG9zDYjBOgz\nSQ8N78Ub0inHIdALh8rOjgQcwL2Zm1PsOW/Al3cV6dMWgXIrc2uf1rchIYKCUOCf\nE6rsLP4Fg8j4sD68kNd+uXVuNYh1ildKO8Sy2j17xJJ5Wc+URS+ti3RUsJcsekX5\nSUixZ3pmAisNjpfZWv9yLj9ac/SL7myjtZtuu6Gj6ff6fE2UZnGDMzBWOj4iIAwL\nn+cx1e/NwYSHl+SboKVPQWlMfGcX1ZX3isOjgtO9nTwTnEAsuSLEQiLbCNXO7fxG\nij7qwBrffobtskn7b081eSoPwoHNLdvXEYE7EMjOVJuZd0Utui1H44ONZacCAwEA\nAQKCAgBJT0hOVSkBEcLHTky58yNe3XWMUIcTC+eeBBRWXup/d8uuDbj2YwVsCC34\nz42uOY4z/gcgol7z0gktaoLd10w/rXUX4AyLSJ8DUKNb3ElFdmxMOQ6r9tdwdddT\ns+rNKh0N6p6RrnmfuqdUbWaeVfoMpeDOKA+DQpoBULyszuX207M+Z7TfKvh8PZBr\nd5qpC1kqTLqTgQSSVcyn8gSvmDNNMlNpxgWP+qCRJqumWSW/3jzIRdW4l9Jd1nG8\nRv7UEAknX5CVa6tpTPKFemAukMdcxS3mtmDmcPB5UCrM8dvPCkyDjXFD/gTbINPN\nJu2vNPL9fGSeKhaKTq/5u4TR9hbcsPV/RS4XyRlDgcug4Jf5iqZffvuTI/MsZDEB\niCBZboCGK0UVyGdplgsoGclBKZwb86Cu5i0p6Q0eiX1SHzRYbFYx+JueluK45qgI\nzgrB37iAXDRzQjhBoZMB6H0Qq9sg27BO4X7hw6v7gzNs2TAlpni+l4ng+KsmWZU/\ncAJbECRqRN0BfLYjgCbMNLn+SvUKSfkFqT9WaAsVLAUXz6NaGGqFwdJ1BU4lrupq\nz1SMsEloaortICRQiF1vIKSPnd8jysm3tN07nViykpH8X+6n68hePdpZ5L3pdV/A\nqY01Btn5P4z4/Cgj/O3CLSiZyX+SZzJtHkf3Mg+PCowydsInoQKCAQEA+tp9MYTh\npQC24YA7nTK6ZK+DMKqfEg4l1jS2hHTzEYo56v8nJsxh8jgJCQacqhezdvSKmoJH\nzJoK/k6w4gg+2hF3Qal5vqmkI845nmUMj2C/MDgi8xGU+G80x1F/WH3p6W49eqPs\nxVf/Rytr5y7503JpkhYhay2oMaed1u8U40JT02BsYKGKTKXAD2PYqcKPhgbwN9nw\nUlmPZmJZbZlfbKVzAWlGYgxqPn7of/5a9NoWg6PfotbV7h9zvCZ+6CdvVTRkzB5v\nRzYWr5Bng0VRYX16FC4psZgvzyJJ89kmq4oNNEK41IboPPyrG9kxnvUVrRmpWWCH\n2pDtX5gxqtWPFwKCAQEA2T9z899O5CZ9qw+2heXHKbB2WOMZrUEe3YshfGWYcJoX\npU+8X7Amj+Pa/Y5uRHLYo0fgHO93nG/CB54I9WKqGBU3yAaRcaZjrVgFNh4U4fSb\nr9G0WFSHrZDlDpUY7PmHBaXv4cOr1BkkSRg2khfJXCwSrFPamhoTX28sFk1VHl6J\nBgh/WLhvFIcQ6XJT69amJaAiEmAMfj9Itd8TFHNmiz6DrltD0tron6VUbq4DBWW4\nrwiF4/r6wS4bwBJPmqmIBYu+jN8nS2DIgLHDB+fuqsXJRX9/yiJu3WRd3A0b8k04\ne1x2QGayfPcWSgnXjpePkWQnIKKFkDehde8om7J38QKCAQA0zHwBSji8JBRaDkV9\n5sl4m8B/I8prYHLyTRIFeyAWFwPtxFqXPfl3o/ey4KNk4awyY3Iw5y75j4q00BdG\n2/luqLJzLZqkWMxlhOh3wEkOfIyBN6+TfaXfTHjNYwfstkPfkAZ8o7gYKVdfwXHq\nrOaEbNZvmxzZlDiMiv0b2iKJWtKN8QOeqyGS1GhCVP+ra3oN+bPh7Ys5qgQWxqiP\n+vIsyf4U0/WueXJ7SPbiycSXOLf4aSuO+Kz6e8A+X9PiRTqXsnlsxRMi5+2Kclh3\nNsXUQTbKvJSl/qRBcrQiERikjmANGeYRRXvoKj5RlDtve6JeVsJgP4MYq9xqfHwn\nut9tAoIBAQCRkRPX39RTyXrBCUlK1NkrlQLnslv9HDpbRiOM3+JR6N5ZNWFKWJSu\nK4YMCcjW8oE4fyurF8X0u2mugvULvy2r72OuEsCX/16gwu7TATsK4EUFfSUzXoh/\nAyyIJd1KxDP10+c1RlA3URVgKOo/39JbgWiNsa4zPa+nba2D0BNtwvhbY4w43XQI\ntCvf0GxtBSnU4kSSPWuBmFPXEX8OX/jg6mV/icWbXnUqq7Q0aUK69hrWpYZZaU1l\n7chIXbybLGdpF+b5K3l/53zRxsqg3IauRNMFT1ZIEeRpUhwWG26TX6yt9BmEM4v7\ncfCscYXPFLztNceF9YA7TxtQE40JLn9xAoIBAGCqlmOi4YwBf4qoOwsaByMHgd9V\nmIKLyu7aMo+uacqZHjvxqwgkdDEClk5RO0CCJlnJBKUTZqPMlXXUtzaVIqO7frPD\nENi7fzJPwo4Du4cf16tgUuCe+maNj0HOsfpEmIw63ZuHkd6daNLvP8Cy+xKMhTRR\n23+dDvXSzwlYLItsp90yqVq1xyFlJvkU7rIL3katBguv/ROb7L8tJPXLsXD7XciX\nmkwPgRNqediVsPZLoe+2JuXs3yeBoO8qPUxQK/VMEvVyN7FCBB2ldNZVqYhD4/ep\nO3KSNMzfi4x/c2ZMyoCxELfTYai0ouRxh3aUJDunXEE1WXgqtTkrZlbWl9I=\n-----END RSA PRIVATE KEY-----\n",
            "private_key_pem_pkcs8": "-----BEGIN PRIVATE KEY-----\nMIIJQgIBADANBgkqhkiG9w0BAQEFAASCCSwwggkoAgEAAoICAQDU4WGC50auSExr\nIq0HYfwB3qIzxTDlEk3EQ60iGZOzkwHBpvJDzufFn9tZxj8++p3vSHXcd9Kbhg0s\noZKihjYYLg+w7fsRz3SSOtrnGR1o1v4LhGTrObe8ulcb6BJu7BKl8bxr/0QjwZpV\na8gZR2iUAKbVR+B1clcizCDd6NLc9SsSDrcKWreiVINF1s2/HkEPNbJB/SpEm0v7\n2ypFXHG3zxiPB1qkURX91hAM8KdvIIzoj5/5nru+z0bpyZDxAMYWWpWrrdc+ibl/\nLSzfSU8W7ipDRGHsCNXRenLqyOSYHFo4cTZcTRi6uYlaINvZ9nlf/R68B4osaQ/f\npOBtMq2zLJcUmcB8tMR7lF4oYb3MNiME6DNJDw3vxRvSKcch0AuHys6OBBzAvZmb\nU+w5b8CXdxXp0xaBcitza5/WtyEhgoJQ4J8Tquws/gWDyPiwPryQ1365dW41iHWK\nV0o7xLLaPXvEknlZz5RFL62LdFSwlyx6RflJSLFnemYCKw2Ol9la/3IuP1pz9Ivu\nbKO1m267oaPp9/p8TZRmcYMzMFY6PiIgDAuf5zHV783BhIeX5JugpU9BaUx8ZxfV\nlfeKw6OC072dPBOcQCy5IsRCItsI1c7t/EaKPurAGt9+hu2ySftvTzV5Kg/Cgc0t\n29cRgTsQyM5Um5l3RS26LUfjg41lpwIDAQABAoICAElPSE5VKQERwsdOTLnzI17d\ndYxQhxML554EFFZe6n93y64NuPZjBWwILfjPja45jjP+ByCiXvPSCS1qgt3XTD+t\ndRfgDItInwNQo1vcSUV2bEw5Dqv213B111Oz6s0qHQ3qnpGueZ+6p1RtZp5V+gyl\n4M4oD4NCmgFQvKzO5fbTsz5ntN8q+Hw9kGt3mqkLWSpMupOBBJJVzKfyBK+YM00y\nU2nGBY/6oJEmq6ZZJb/ePMhF1biX0l3WcbxG/tQQCSdfkJVrq2lM8oV6YC6Qx1zF\nLea2YOZw8HlQKszx288KTIONcUP+BNsg080m7a808v18ZJ4qFopOr/m7hNH2Ftyw\n9X9FLhfJGUOBy6Dgl/mKpl9++5Mj8yxkMQGIIFlugIYrRRXIZ2mWCygZyUEpnBvz\noK7mLSnpDR6JfVIfNFhsVjH4m56W4rjmqAjOCsHfuIBcNHNCOEGhkwHofRCr2yDb\nsE7hfuHDq/uDM2zZMCWmeL6XieD4qyZZlT9wAlsQJGpE3QF8tiOAJsw0uf5K9QpJ\n+QWpP1ZoCxUsBRfPo1oYaoXB0nUFTiWu6mrPVIywSWhqiu0gJFCIXW8gpI+d3yPK\nybe03TudWLKSkfxf7qfryF492lnkvel1X8CpjTUG2fk/jPj8KCP87cItKJnJf5Jn\nMm0eR/cyD48KjDJ2wiehAoIBAQD62n0xhOGlALbhgDudMrpkr4Mwqp8SDiXWNLaE\ndPMRijnq/ycmzGHyOAkJBpyqF7N29IqagkfMmgr+TrDiCD7aEXdBqXm+qaQjzjme\nZQyPYL8wOCLzEZT4bzTHUX9Yfenpbj16o+zFV/9HK2vnLvnTcmmSFiFrLagxp53W\n7xTjQlPTYGxgoYpMpcAPY9ipwo+GBvA32fBSWY9mYlltmV9spXMBaUZiDGo+fuh/\n/lr02haDo9+i1tXuH3O8Jn7oJ29VNGTMHm9HNhavkGeDRVFhfXoULimxmC/PIknz\n2Sarig00QrjUhug8/Ksb2TGe9RWtGalZYIfakO1fmDGq1Y8XAoIBAQDZP3Pz307k\nJn2rD7aF5ccpsHZY4xmtQR7diyF8ZZhwmhelT7xfsCaP49r9jm5EctijR+Ac73ec\nb8IHngj1YqoYFTfIBpFxpmOtWAU2HhTh9Juv0bRYVIetkOUOlRjs+YcFpe/hw6vU\nGSRJGDaSF8lcLBKsU9qaGhNfbywWTVUeXokGCH9YuG8UhxDpclPr1qYloCISYAx+\nP0i13xMUc2aLPoOuW0PS2uifpVRurgMFZbivCIXj+vrBLhvAEk+aqYgFi76M3ydL\nYMiAscMH5+6qxclFf3/KIm7dZF3cDRvyTTh7XHZAZrJ89xZKCdeOl4+RZCcgooWQ\nN6F17yibsnfxAoIBADTMfAFKOLwkFFoORX3myXibwH8jymtgcvJNEgV7IBYXA+3E\nWpc9+Xej97Lgo2ThrDJjcjDnLvmPirTQF0bb+W6osnMtmqRYzGWE6HfASQ58jIE3\nr5N9pd9MeM1jB+y2Q9+QBnyjuBgpV1/Bceqs5oRs1m+bHNmUOIyK/RvaIola0o3x\nA56rIZLUaEJU/6treg35s+HtizmqBBbGqI/68izJ/hTT9a55cntI9uLJxJc4t/hp\nK474rPp7wD5f0+JFOpeyeWzFEyLn7YpyWHc2xdRBNsq8lKX+pEFytCIRGKSOYA0Z\n5hFFe+gqPlGUO297ol5WwmA/gxir3Gp8fCe6320CggEBAJGRE9ff1FPJesEJSUrU\n2SuVAueyW/0cOltGI4zf4lHo3lk1YUpYlK4rhgwJyNbygTh/K6sXxfS7aa6C9Qu/\nLavvY64SwJf/XqDC7tMBOwrgRQV9JTNeiH8DLIgl3UrEM/XT5zVGUDdRFWAo6j/f\n0luBaI2xrjM9r6dtrYPQE23C+FtjjDjddAi0K9/QbG0FKdTiRJI9a4GYU9cRfw5f\n+ODqZX+JxZtedSqrtDRpQrr2GtalhllpTWXtyEhdvJssZ2kX5vkreX/nfNHGyqDc\nhq5E0wVPVkgR5GlSHBYbbpNfrK30GYQzi/tx8Kxxhc8UvO01x4X1gDtPG1ATjQku\nf3ECggEAYKqWY6LhjAF/iqg7CxoHIweB31WYgovK7toyj65pypkeO/GrCCR0MQKW\nTlE7QIImWckEpRNmo8yVddS3NpUio7t+s8MQ2Lt/Mk/CjgO7hx/Xq2BS4J76Zo2P\nQc6x+kSYjDrdm4eR3p1o0u8/wLL7EoyFNFHbf50O9dLPCVgsi2yn3TKpWrXHIWUm\n+RTusgveRq0GC6/9E5vsvy0k9cuxcPtdyJeaTA+BE2p52JWw9kuh77Ym5ezfJ4Gg\n7yo9TFAr9UwS9XI3sUIEHaV01lWpiEPj96k7cpI0zN+LjH9zZkzKgLEQt9NhqLSi\n5HGHdpQkO6dcQTVZeCq1OStmVtaX0g==\n-----END PRIVATE KEY-----\n",
            "public_key_fingerprint_md5": "9a:f6:bf:11:0c:9c:bf:e6:45:ec:0b:e3:d5:8f:31:e0",
            "public_key_fingerprint_sha256": "SHA256:BwU+mm2ZiIsGmc2JK++mPLGziJaFXAi72Z0srOaKX3Q",
            "public_key_openssh": "ssh-rsa AAAAB3NzaC1yc2EAAAADAQABAAACAQDU4WGC50auSExrIq0HYfwB3qIzxTDlEk3EQ60iGZOzkwHBpvJDzufFn9tZxj8++p3vSHXcd9Kbhg0soZKihjYYLg+w7fsRz3SSOtrnGR1o1v4LhGTrObe8ulcb6BJu7BKl8bxr/0QjwZpVa8gZR2iUAKbVR+B1clcizCDd6NLc9SsSDrcKWreiVINF1s2/HkEPNbJB/SpEm0v72ypFXHG3zxiPB1qkURX91hAM8KdvIIzoj5/5nru+z0bpyZDxAMYWWpWrrdc+ibl/LSzfSU8W7ipDRGHsCNXRenLqyOSYHFo4cTZcTRi6uYlaINvZ9nlf/R68B4osaQ/fpOBtMq2zLJcUmcB8tMR7lF4oYb3MNiME6DNJDw3vxRvSKcch0AuHys6OBBzAvZmbU+w5b8CXdxXp0xaBcitza5/WtyEhgoJQ4J8Tquws/gWDyPiwPryQ1365dW41iHWKV0o7xLLaPXvEknlZz5RFL62LdFSwlyx6RflJSLFnemYCKw2Ol9la/3IuP1pz9IvubKO1m267oaPp9/p8TZRmcYMzMFY6PiIgDAuf5zHV783BhIeX5JugpU9BaUx8ZxfVlfeKw6OC072dPBOcQCy5IsRCItsI1c7t/EaKPurAGt9+hu2ySftvTzV5Kg/Cgc0t29cRgTsQyM5Um5l3RS26LUfjg41lpw==\n",
            "public_key_pem": "-----BEGIN PUBLIC KEY-----\nMIICIjANBgkqhkiG9w0BAQEFAAOCAg8AMIICCgKCAgEA1OFhgudGrkhMayKtB2H8\nAd6iM8Uw5RJNxEOtIhmTs5MBwabyQ87nxZ/bWcY/Pvqd70h13HfSm4YNLKGSooY2\nGC4PsO37Ec90kjra5xkdaNb+C4Rk6zm3vLpXG+gSbuwSpfG8a/9EI8GaVWvIGUdo\nlACm1UfgdXJXIswg3ejS3PUrEg63Clq3olSDRdbNvx5BDzWyQf0qRJtL+9sqRVxx\nt88YjwdapFEV/dYQDPCnbyCM6I+f+Z67vs9G6cmQ8QDGFlqVq63XPom5fy0s30lP\nFu4qQ0Rh7AjV0Xpy6sjkmBxaOHE2XE0YurmJWiDb2fZ5X/0evAeKLGkP36TgbTKt\nsyyXFJnAfLTEe5ReKGG9zDYjBOgzSQ8N78Ub0inHIdALh8rOjgQcwL2Zm1PsOW/A\nl3cV6dMWgXIrc2uf1rchIYKCUOCfE6rsLP4Fg8j4sD68kNd+uXVuNYh1ildKO8Sy\n2j17xJJ5Wc+URS+ti3RUsJcsekX5SUixZ3pmAisNjpfZWv9yLj9ac/SL7myjtZtu\nu6Gj6ff6fE2UZnGDMzBWOj4iIAwLn+cx1e/NwYSHl+SboKVPQWlMfGcX1ZX3isOj\ngtO9nTwTnEAsuSLEQiLbCNXO7fxGij7qwBrffobtskn7b081eSoPwoHNLdvXEYE7\nEMjOVJuZd0Utui1H44ONZacCAwEAAQ==\n-----END PUBLIC KEY-----\n",
            "rsa_bits": 4096
          },
          "sensitive_attributes": [
            [
              {
                "type": "get_attr",
                "value": "private_key_openssh"
              }
            ],
            [
              {
                "type": "get_attr",
                "value": "private_key_pem"
              }
            ],
            [
              {
                "type": "get_attr",
                "value": "private_key_pem_pkcs8"
              }
            ]
          ],
          "identity_schema_version": 0
        }
      ]
    }
  ],
  "check_results": null
}
